
Microsoft Visual Studio Solution File, Format Version 12.00
# Visual Studio Version 17
VisualStudioVersion = 17.7.34031.279
MinimumVisualStudioVersion = 10.0.40219.1
Project("{FAE04EC0-301F-11D3-BF4B-00C04F79EFBC}") = "Oyren Animeci", "Oyren Animeci\Oyren Animeci.csproj", "{BDF459E0-2EDF-4EB0-82A2-671595598FF7}"
EndProject
Global
	GlobalSection(SolutionConfigurationPlatforms) = preSolution
		Debug|Any CPU = Debug|Any CPU
		Release|Any CPU = Release|Any CPU
	EndGlobalSection
	GlobalSection(ProjectConfigurationPlatforms) = postSolution
		{BDF459E0-2EDF-4EB0-82A2-671595598FF7}.Debug|Any CPU.ActiveCfg = Debug|Any CPU
		{BDF459E0-2EDF-4EB0-82A2-671595598FF7}.Debug|Any CPU.Build.0 = Debug|Any CPU
		{BDF459E0-2EDF-4EB0-82A2-671595598FF7}.Release|Any CPU.ActiveCfg = Release|Any CPU
		{BDF459E0-2EDF-4EB0-82A2-671595598FF7}.Release|Any CPU.Build.0 = Release|Any CPU
	EndGlobalSection
	GlobalSection(SolutionProperties) = preSolution
		HideSolutionNode = FALSE
	EndGlobalSection
	GlobalSection(ExtensibilityGlobals) = postSolution
		SolutionGuid = {B58C1AFB-D1A8-49B0-8C58-E981F82E1200}
	EndGlobalSection
EndGlobal
